
Microsoft Visual Studio Solution File, Format Version 12.00
# Visual Studio Version 16
VisualStudioVersion = 16.0.30011.22
MinimumVisualStudioVersion = 10.0.40219.1
Project("{2150E333-8FDC-42A3-9474-1A3956D46DE8}") = "Solution Items", "Solution Items", "{9F4F4828-D106-4F36-8E04-42BDCB84A44D}"
EndProject
Project("{9A19103F-16F7-4668-BE54-9A1E7A4F7556}") = "OrbitalShell-ConsoleApp", "OrbitalShell-ConsoleApp\OrbitalShell-ConsoleApp.csproj", "{3357EBB3-2565-4390-A28B-8B837DA52BBC}"
EndProject
Project("{9A19103F-16F7-4668-BE54-9A1E7A4F7556}") = "OrbitalShell-Kernel", "OrbitalShell-Kernel\OrbitalShell-Kernel.csproj", "{EBBBA271-C794-4F7C-92A9-8D774A3CABB8}"
EndProject
Project("{9A19103F-16F7-4668-BE54-9A1E7A4F7556}") = "OrbitalShell-CLI", "OrbitalShell-CLI\OrbitalShell-CLI.csproj", "{C2920F91-71BE-4B0F-8742-4C52F4A75D56}"
EndProject
Global
	GlobalSection(SolutionConfigurationPlatforms) = preSolution
		Debug|Any CPU = Debug|Any CPU
		Release|Any CPU = Release|Any CPU
	EndGlobalSection
	GlobalSection(ProjectConfigurationPlatforms) = postSolution
		{3357EBB3-2565-4390-A28B-8B837DA52BBC}.Debug|Any CPU.ActiveCfg = Debug|Any CPU
		{3357EBB3-2565-4390-A28B-8B837DA52BBC}.Debug|Any CPU.Build.0 = Debug|Any CPU
		{3357EBB3-2565-4390-A28B-8B837DA52BBC}.Release|Any CPU.ActiveCfg = Release|Any CPU
		{3357EBB3-2565-4390-A28B-8B837DA52BBC}.Release|Any CPU.Build.0 = Release|Any CPU
		{EBBBA271-C794-4F7C-92A9-8D774A3CABB8}.Debug|Any CPU.ActiveCfg = Debug|Any CPU
		{EBBBA271-C794-4F7C-92A9-8D774A3CABB8}.Debug|Any CPU.Build.0 = Debug|Any CPU
		{EBBBA271-C794-4F7C-92A9-8D774A3CABB8}.Release|Any CPU.ActiveCfg = Release|Any CPU
		{EBBBA271-C794-4F7C-92A9-8D774A3CABB8}.Release|Any CPU.Build.0 = Release|Any CPU
		{C2920F91-71BE-4B0F-8742-4C52F4A75D56}.Debug|Any CPU.ActiveCfg = Debug|Any CPU
		{C2920F91-71BE-4B0F-8742-4C52F4A75D56}.Debug|Any CPU.Build.0 = Debug|Any CPU
		{C2920F91-71BE-4B0F-8742-4C52F4A75D56}.Release|Any CPU.ActiveCfg = Release|Any CPU
		{C2920F91-71BE-4B0F-8742-4C52F4A75D56}.Release|Any CPU.Build.0 = Release|Any CPU
	EndGlobalSection
	GlobalSection(SolutionProperties) = preSolution
		HideSolutionNode = FALSE
	EndGlobalSection
	GlobalSection(ExtensibilityGlobals) = postSolution
		SolutionGuid = {AE827123-7F20-471E-B1BF-3E12AE9FFDC8}
	EndGlobalSection
EndGlobal
