
Microsoft Visual Studio Solution File, Format Version 12.00
# Visual Studio Version 16
VisualStudioVersion = 16.0.30011.22
MinimumVisualStudioVersion = 10.0.40219.1
Project("{2150E333-8FDC-42A3-9474-1A3956D46DE8}") = "Solution Items", "Solution Items", "{9F4F4828-D106-4F36-8E04-42BDCB84A44D}"
	ProjectSection(SolutionItems) = preProject
		.editorconfig = .editorconfig
		.gitattributes = .gitattributes
		.gitignore = .gitignore
		issues = issues
		LICENSE.md = LICENSE.md
		modules-index-repository\module-list.txt = modules-index-repository\module-list.txt
		README.md = README.md
		modules-index-repository\readme.txt = modules-index-repository\readme.txt
	EndProjectSection
EndProject
Project("{9A19103F-16F7-4668-BE54-9A1E7A4F7556}") = "OrbitalShell-ConsoleApp", "OrbitalShell-ConsoleApp\OrbitalShell-ConsoleApp.csproj", "{3357EBB3-2565-4390-A28B-8B837DA52BBC}"
EndProject
Project("{9A19103F-16F7-4668-BE54-9A1E7A4F7556}") = "OrbitalShell-Kernel", "OrbitalShell-Kernel\OrbitalShell-Kernel.csproj", "{EBBBA271-C794-4F7C-92A9-8D774A3CABB8}"
EndProject
Project("{9A19103F-16F7-4668-BE54-9A1E7A4F7556}") = "OrbitalShell-Kernel-Commands", "OrbitalShell-Kernel-Commands\OrbitalShell-Kernel-Commands.csproj", "{B46DB3C8-E040-44B6-87D6-B9744E5657D8}"
EndProject
Project("{9A19103F-16F7-4668-BE54-9A1E7A4F7556}") = "OrbitalShell-CLI", "OrbitalShell-CLI\OrbitalShell-CLI.csproj", "{C2920F91-71BE-4B0F-8742-4C52F4A75D56}"
EndProject
Project("{2150E333-8FDC-42A3-9474-1A3956D46DE8}") = "module-repository", "module-repository", "{27033D10-E732-47E6-A607-27A718CEF3EF}"
	ProjectSection(SolutionItems) = preProject
		modules-index-repository\module-list.txt = modules-index-repository\module-list.txt
		modules-index-repository\readme.txt = modules-index-repository\readme.txt
	EndProjectSection
EndProject
Global
	GlobalSection(SolutionConfigurationPlatforms) = preSolution
		Debug|Any CPU = Debug|Any CPU
		Release|Any CPU = Release|Any CPU
	EndGlobalSection
	GlobalSection(ProjectConfigurationPlatforms) = postSolution
		{3357EBB3-2565-4390-A28B-8B837DA52BBC}.Debug|Any CPU.ActiveCfg = Debug|Any CPU
		{3357EBB3-2565-4390-A28B-8B837DA52BBC}.Debug|Any CPU.Build.0 = Debug|Any CPU
		{3357EBB3-2565-4390-A28B-8B837DA52BBC}.Release|Any CPU.ActiveCfg = Release|Any CPU
		{3357EBB3-2565-4390-A28B-8B837DA52BBC}.Release|Any CPU.Build.0 = Release|Any CPU
		{EBBBA271-C794-4F7C-92A9-8D774A3CABB8}.Debug|Any CPU.ActiveCfg = Debug|Any CPU
		{EBBBA271-C794-4F7C-92A9-8D774A3CABB8}.Debug|Any CPU.Build.0 = Debug|Any CPU
		{EBBBA271-C794-4F7C-92A9-8D774A3CABB8}.Release|Any CPU.ActiveCfg = Release|Any CPU
		{EBBBA271-C794-4F7C-92A9-8D774A3CABB8}.Release|Any CPU.Build.0 = Release|Any CPU
		{B46DB3C8-E040-44B6-87D6-B9744E5657D8}.Debug|Any CPU.ActiveCfg = Debug|Any CPU
		{B46DB3C8-E040-44B6-87D6-B9744E5657D8}.Debug|Any CPU.Build.0 = Debug|Any CPU
		{B46DB3C8-E040-44B6-87D6-B9744E5657D8}.Release|Any CPU.ActiveCfg = Release|Any CPU
		{B46DB3C8-E040-44B6-87D6-B9744E5657D8}.Release|Any CPU.Build.0 = Release|Any CPU
		{C2920F91-71BE-4B0F-8742-4C52F4A75D56}.Debug|Any CPU.ActiveCfg = Debug|Any CPU
		{C2920F91-71BE-4B0F-8742-4C52F4A75D56}.Debug|Any CPU.Build.0 = Debug|Any CPU
		{C2920F91-71BE-4B0F-8742-4C52F4A75D56}.Release|Any CPU.ActiveCfg = Release|Any CPU
		{C2920F91-71BE-4B0F-8742-4C52F4A75D56}.Release|Any CPU.Build.0 = Release|Any CPU
	EndGlobalSection
	GlobalSection(SolutionProperties) = preSolution
		HideSolutionNode = FALSE
	EndGlobalSection
	GlobalSection(NestedProjects) = preSolution
		{27033D10-E732-47E6-A607-27A718CEF3EF} = {9F4F4828-D106-4F36-8E04-42BDCB84A44D}
	EndGlobalSection
	GlobalSection(ExtensibilityGlobals) = postSolution
		SolutionGuid = {AE827123-7F20-471E-B1BF-3E12AE9FFDC8}
	EndGlobalSection
EndGlobal
